<?xml version="1.0" encoding="utf-8"?>
<Project ToolsVersion="4.0" xmlns="http://schemas.microsoft.com/developer/msbuild/2003">
  <ItemGroup>
    <ClInclude Include="FileManager.h" />
    <ClInclude Include="MessageHandler.h" />
    <ClInclude Include="SettingsWindow.h" />
    <ClInclude Include="resource.h" />
  </ItemGroup>
  <ItemGroup>
    <ClCompile Include="MessageHandler.cpp" />
    <ClCompile Include="ParkingSystem.cpp" />
    <ClCompile Include="SettingsWindow.cpp" />
    <ClCompile Include="FileManager.cpp" />
  </ItemGroup>
  <ItemGroup>
    <ResourceCompile Include="ParkingSystem.rc" />
  </ItemGroup>
</Project>