<?xml version="1.0" encoding="utf-8"?>
<Project ToolsVersion="4.0" xmlns="http://schemas.microsoft.com/developer/msbuild/2003">
  <ItemGroup>
    <ClInclude Include="FileManager.h">
      <Filter>Source</Filter>
    </ClInclude>
    <ClInclude Include="MessageHandler.h">
      <Filter>Source</Filter>
    </ClInclude>
    <ClInclude Include="resource.h">
      <Filter>Resource</Filter>
    </ClInclude>
  </ItemGroup>
  <ItemGroup>
    <ClCompile Include="FileManager.cpp">
      <Filter>Source</Filter>
    </ClCompile>
    <ClCompile Include="MessageHandler.cpp">
      <Filter>Source</Filter>
    </ClCompile>
    <ClCompile Include="ParkingSystem.cpp">
      <Filter>Source</Filter>
    </ClCompile>
    <ClCompile Include="SettingsWindow.cpp">
      <Filter>Source</Filter>
    </ClCompile>
  </ItemGroup>
  <ItemGroup>
    <None Include="..\LICENSE" />
    <None Include="..\README.md" />
  </ItemGroup>
  <ItemGroup>
    <Filter Include="Source">
      <UniqueIdentifier>{735799b2-b1fd-4c4f-9739-85b3cf17a1bc}</UniqueIdentifier>
    </Filter>
    <Filter Include="Resource">
      <UniqueIdentifier>{f9a980a5-72ce-49db-8881-f85ba076ca89}</UniqueIdentifier>
    </Filter>
  </ItemGroup>
  <ItemGroup>
    <ResourceCompile Include="ParkingSystem.rc">
      <Filter>Resource</Filter>
    </ResourceCompile>
  </ItemGroup>
  <ItemGroup>
    <Image Include="C:\Users\Administrator\Desktop\Park.ico">
      <Filter>Resource</Filter>
    </Image>
    <Image Include="Keys.ico">
      <Filter>Resource</Filter>
    </Image>
    <Image Include="Park.ico" />
  </ItemGroup>
</Project>